// !$*UTF8*$!
{
	archiveVersion = 1;
	classes = {
	};
	objectVersion = 46;
	objects = {

/* Begin PBXBuildFile section */
		151088D41BA2009D0071AF52 /* main.cpp in Sources */ = {isa = PBXBuildFile; fileRef = 151088D31BA2009D0071AF52 /* main.cpp */; };
		151088E01BA200E20071AF52 /* MultiWiiManipulation.cpp in Sources */ = {isa = PBXBuildFile; fileRef = 151088DA1BA200E20071AF52 /* MultiWiiManipulation.cpp */; };
		151088E11BA200E20071AF52 /* MultiWiiNetwork.cpp in Sources */ = {isa = PBXBuildFile; fileRef = 151088DC1BA200E20071AF52 /* MultiWiiNetwork.cpp */; };
		151088E21BA200E20071AF52 /* MultiWiiProtocol.cpp in Sources */ = {isa = PBXBuildFile; fileRef = 151088DE1BA200E20071AF52 /* MultiWiiProtocol.cpp */; };
/* End PBXBuildFile section */

/* Begin PBXCopyFilesBuildPhase section */
		151088CE1BA2009D0071AF52 /* CopyFiles */ = {
			isa = PBXCopyFilesBuildPhase;
			buildActionMask = 2147483647;
			dstPath = /usr/share/man/man1/;
			dstSubfolderSpec = 0;
			files = (
			);
			runOnlyForDeploymentPostprocessing = 1;
		};
/* End PBXCopyFilesBuildPhase section */

/* Begin PBXFileReference section */
		150B35B11DCBFFE0004BC3A4 /* AutoPilot.route */ = {isa = PBXFileReference; fileEncoding = 4; lastKnownFileType = text; path = AutoPilot.route; sourceTree = "<group>"; };
		151088D01BA2009D0071AF52 /* OdroidXcode */ = {isa = PBXFileReference; explicitFileType = "compiled.mach-o.executable"; includeInIndex = 0; path = OdroidXcode; sourceTree = BUILT_PRODUCTS_DIR; };
		151088D31BA2009D0071AF52 /* main.cpp */ = {isa = PBXFileReference; lastKnownFileType = sourcecode.cpp.cpp; path = main.cpp; sourceTree = "<group>"; };
		151088DA1BA200E20071AF52 /* MultiWiiManipulation.cpp */ = {isa = PBXFileReference; fileEncoding = 4; lastKnownFileType = sourcecode.cpp.cpp; path = MultiWiiManipulation.cpp; sourceTree = "<group>"; };
		151088DB1BA200E20071AF52 /* MultiWiiManipulation.h */ = {isa = PBXFileReference; fileEncoding = 4; lastKnownFileType = sourcecode.c.h; path = MultiWiiManipulation.h; sourceTree = "<group>"; };
		151088DC1BA200E20071AF52 /* MultiWiiNetwork.cpp */ = {isa = PBXFileReference; fileEncoding = 4; lastKnownFileType = sourcecode.cpp.cpp; path = MultiWiiNetwork.cpp; sourceTree = "<group>"; };
		151088DD1BA200E20071AF52 /* MultiWiiNetwork.h */ = {isa = PBXFileReference; fileEncoding = 4; lastKnownFileType = sourcecode.c.h; path = MultiWiiNetwork.h; sourceTree = "<group>"; };
		151088DE1BA200E20071AF52 /* MultiWiiProtocol.cpp */ = {isa = PBXFileReference; fileEncoding = 4; lastKnownFileType = sourcecode.cpp.cpp; path = MultiWiiProtocol.cpp; sourceTree = "<group>"; };
		151088DF1BA200E20071AF52 /* MultiWiiProtocol.h */ = {isa = PBXFileReference; fileEncoding = 4; lastKnownFileType = sourcecode.c.h; path = MultiWiiProtocol.h; sourceTree = "<group>"; };
/* End PBXFileReference section */

/* Begin PBXFrameworksBuildPhase section */
		151088CD1BA2009D0071AF52 /* Frameworks */ = {
			isa = PBXFrameworksBuildPhase;
			buildActionMask = 2147483647;
			files = (
			);
			runOnlyForDeploymentPostprocessing = 0;
		};
/* End PBXFrameworksBuildPhase section */

/* Begin PBXGroup section */
		151088C71BA2009D0071AF52 = {
			isa = PBXGroup;
			children = (
				151088D21BA2009D0071AF52 /* OdroidXcode */,
				151088D11BA2009D0071AF52 /* Products */,
			);
			sourceTree = "<group>";
		};
		151088D11BA2009D0071AF52 /* Products */ = {
			isa = PBXGroup;
			children = (
				151088D01BA2009D0071AF52 /* OdroidXcode */,
			);
			name = Products;
			sourceTree = "<group>";
		};
		151088D21BA2009D0071AF52 /* OdroidXcode */ = {
			isa = PBXGroup;
			children = (
				151088DA1BA200E20071AF52 /* MultiWiiManipulation.cpp */,
				151088DB1BA200E20071AF52 /* MultiWiiManipulation.h */,
				151088DC1BA200E20071AF52 /* MultiWiiNetwork.cpp */,
				151088DD1BA200E20071AF52 /* MultiWiiNetwork.h */,
				151088DE1BA200E20071AF52 /* MultiWiiProtocol.cpp */,
				151088DF1BA200E20071AF52 /* MultiWiiProtocol.h */,
				151088D31BA2009D0071AF52 /* main.cpp */,
				150B35B11DCBFFE0004BC3A4 /* AutoPilot.route */,
			);
			path = OdroidXcode;
			sourceTree = "<group>";
		};
/* End PBXGroup section */

/* Begin PBXNativeTarget section */
		151088CF1BA2009D0071AF52 /* OdroidXcode */ = {
			isa = PBXNativeTarget;
			buildConfigurationList = 151088D71BA2009D0071AF52 /* Build configuration list for PBXNativeTarget "OdroidXcode" */;
			buildPhases = (
				151088CC1BA2009D0071AF52 /* Sources */,
				151088CD1BA2009D0071AF52 /* Frameworks */,
				151088CE1BA2009D0071AF52 /* CopyFiles */,
			);
			buildRules = (
			);
			dependencies = (
			);
			name = OdroidXcode;
			productName = OdroidXcode;
			productReference = 151088D01BA2009D0071AF52 /* OdroidXcode */;
			productType = "com.apple.product-type.tool";
		};
/* End PBXNativeTarget section */

/* Begin PBXProject section */
		151088C81BA2009D0071AF52 /* Project object */ = {
			isa = PBXProject;
			attributes = {
				LastUpgradeCheck = 0640;
				ORGANIZATIONNAME = "Matheus Trindade";
				TargetAttributes = {
					151088CF1BA2009D0071AF52 = {
						CreatedOnToolsVersion = 6.4;
					};
				};
			};
			buildConfigurationList = 151088CB1BA2009D0071AF52 /* Build configuration list for PBXProject "OdroidXcode" */;
			compatibilityVersion = "Xcode 3.2";
			developmentRegion = English;
			hasScannedForEncodings = 0;
			knownRegions = (
				en,
			);
			mainGroup = 151088C71BA2009D0071AF52;
			productRefGroup = 151088D11BA2009D0071AF52 /* Products */;
			projectDirPath = "";
			projectRoot = "";
			targets = (
				151088CF1BA2009D0071AF52 /* OdroidXcode */,
			);
		};
/* End PBXProject section */

/* Begin PBXSourcesBuildPhase section */
		151088CC1BA2009D0071AF52 /* Sources */ = {
			isa = PBXSourcesBuildPhase;
			buildActionMask = 2147483647;
			files = (
				151088E01BA200E20071AF52 /* MultiWiiManipulation.cpp in Sources */,
				151088E11BA200E20071AF52 /* MultiWiiNetwork.cpp in Sources */,
				151088D41BA2009D0071AF52 /* main.cpp in Sources */,
				151088E21BA200E20071AF52 /* MultiWiiProtocol.cpp in Sources */,
			);
			runOnlyForDeploymentPostprocessing = 0;
		};
/* End PBXSourcesBuildPhase section */

/* Begin XCBuildConfiguration section */
		151088D51BA2009D0071AF52 /* Debug */ = {
			isa = XCBuildConfiguration;
			buildSettings = {
				ALWAYS_SEARCH_USER_PATHS = NO;
				CLANG_CXX_LANGUAGE_STANDARD = "gnu++0x";
				CLANG_CXX_LIBRARY = "libc++";
				CLANG_ENABLE_MODULES = YES;
				CLANG_ENABLE_OBJC_ARC = YES;
				CLANG_WARN_BOOL_CONVERSION = YES;
				CLANG_WARN_CONSTANT_CONVERSION = YES;
				CLANG_WARN_DIRECT_OBJC_ISA_USAGE = YES_ERROR;
				CLANG_WARN_EMPTY_BODY = YES;
				CLANG_WARN_ENUM_CONVERSION = YES;
				CLANG_WARN_INT_CONVERSION = YES;
				CLANG_WARN_OBJC_ROOT_CLASS = YES_ERROR;
				CLANG_WARN_UNREACHABLE_CODE = YES;
				CLANG_WARN__DUPLICATE_METHOD_MATCH = YES;
				COPY_PHASE_STRIP = NO;
				DEBUG_INFORMATION_FORMAT = dwarf;
				ENABLE_STRICT_OBJC_MSGSEND = YES;
				GCC_C_LANGUAGE_STANDARD = gnu99;
				GCC_DYNAMIC_NO_PIC = NO;
				GCC_NO_COMMON_BLOCKS = YES;
				GCC_OPTIMIZATION_LEVEL = 0;
				GCC_PREPROCESSOR_DEFINITIONS = (
					"DEBUG=1",
					"$(inherited)",
				);
				GCC_SYMBOLS_PRIVATE_EXTERN = NO;
				GCC_WARN_64_TO_32_BIT_CONVERSION = YES;
				GCC_WARN_ABOUT_RETURN_TYPE = YES_ERROR;
				GCC_WARN_UNDECLARED_SELECTOR = YES;
				GCC_WARN_UNINITIALIZED_AUTOS = YES_AGGRESSIVE;
				GCC_WARN_UNUSED_FUNCTION = YES;
				GCC_WARN_UNUSED_VARIABLE = YES;
				MACOSX_DEPLOYMENT_TARGET = 10.10;
				MTL_ENABLE_DEBUG_INFO = YES;
				ONLY_ACTIVE_ARCH = YES;
				SDKROOT = macosx;
			};
			name = Debug;
		};
		151088D61BA2009D0071AF52 /* Release */ = {
			isa = XCBuildConfiguration;
			buildSettings = {
				ALWAYS_SEARCH_USER_PATHS = NO;
				CLANG_CXX_LANGUAGE_STANDARD = "gnu++0x";
				CLANG_CXX_LIBRARY = "libc++";
				CLANG_ENABLE_MODULES = YES;
				CLANG_ENABLE_OBJC_ARC = YES;
				CLANG_WARN_BOOL_CONVERSION = YES;
				CLANG_WARN_CONSTANT_CONVERSION = YES;
				CLANG_WARN_DIRECT_OBJC_ISA_USAGE = YES_ERROR;
				CLANG_WARN_EMPTY_BODY = YES;
				CLANG_WARN_ENUM_CONVERSION = YES;
				CLANG_WARN_INT_CONVERSION = YES;
				CLANG_WARN_OBJC_ROOT_CLASS = YES_ERROR;
				CLANG_WARN_UNREACHABLE_CODE = YES;
				CLANG_WARN__DUPLICATE_METHOD_MATCH = YES;
				COPY_PHASE_STRIP = NO;
				DEBUG_INFORMATION_FORMAT = "dwarf-with-dsym";
				ENABLE_NS_ASSERTIONS = NO;
				ENABLE_STRICT_OBJC_MSGSEND = YES;
				GCC_C_LANGUAGE_STANDARD = gnu99;
				GCC_NO_COMMON_BLOCKS = YES;
				GCC_WARN_64_TO_32_BIT_CONVERSION = YES;
				GCC_WARN_ABOUT_RETURN_TYPE = YES_ERROR;
				GCC_WARN_UNDECLARED_SELECTOR = YES;
				GCC_WARN_UNINITIALIZED_AUTOS = YES_AGGRESSIVE;
				GCC_WARN_UNUSED_FUNCTION = YES;
				GCC_WARN_UNUSED_VARIABLE = YES;
				MACOSX_DEPLOYMENT_TARGET = 10.10;
				MTL_ENABLE_DEBUG_INFO = NO;
				SDKROOT = macosx;
			};
			name = Release;
		};
		151088D81BA2009D0071AF52 /* Debug */ = {
			isa = XCBuildConfiguration;
			buildSettings = {
				PRODUCT_NAME = "$(TARGET_NAME)";
			};
			name = Debug;
		};
		151088D91BA2009D0071AF52 /* Release */ = {
			isa = XCBuildConfiguration;
			buildSettings = {
				PRODUCT_NAME = "$(TARGET_NAME)";
			};
			name = Release;
		};
/* End XCBuildConfiguration section */

/* Begin XCConfigurationList section */
		151088CB1BA2009D0071AF52 /* Build configuration list for PBXProject "OdroidXcode" */ = {
			isa = XCConfigurationList;
			buildConfigurations = (
				151088D51BA2009D0071AF52 /* Debug */,
				151088D61BA2009D0071AF52 /* Release */,
			);
			defaultConfigurationIsVisible = 0;
			defaultConfigurationName = Release;
		};
		151088D71BA2009D0071AF52 /* Build configuration list for PBXNativeTarget "OdroidXcode" */ = {
			isa = XCConfigurationList;
			buildConfigurations = (
				151088D81BA2009D0071AF52 /* Debug */,
				151088D91BA2009D0071AF52 /* Release */,
			);
			defaultConfigurationIsVisible = 0;
			defaultConfigurationName = Release;
		};
/* End XCConfigurationList section */
	};
	rootObject = 151088C81BA2009D0071AF52 /* Project object */;
}
